// !$*UTF8*$!
{
	archiveVersion = 1;
	classes = {
	};
	objectVersion = 48;
	objects = {

/* Begin PBXBuildFile section */
		6301960C20D3BB85003EE15C /* AppDelegate.swift in Sources */ = {isa = PBXBuildFile; fileRef = 6301960B20D3BB85003EE15C /* AppDelegate.swift */; };
		6301960E20D3BB85003EE15C /* ViewController.swift in Sources */ = {isa = PBXBuildFile; fileRef = 6301960D20D3BB85003EE15C /* ViewController.swift */; };
		6301961120D3BB85003EE15C /* Main.storyboard in Resources */ = {isa = PBXBuildFile; fileRef = 6301960F20D3BB85003EE15C /* Main.storyboard */; };
		6301961320D3BB85003EE15C /* Assets.xcassets in Resources */ = {isa = PBXBuildFile; fileRef = 6301961220D3BB85003EE15C /* Assets.xcassets */; };
		6301961620D3BB85003EE15C /* LaunchScreen.storyboard in Resources */ = {isa = PBXBuildFile; fileRef = 6301961420D3BB85003EE15C /* LaunchScreen.storyboard */; };
		6301962C20D3BB85003EE15C /* JLDishwashersUITests.swift in Sources */ = {isa = PBXBuildFile; fileRef = 6301962B20D3BB85003EE15C /* JLDishwashersUITests.swift */; };
		6301963A20D3BFAE003EE15C /* ProductTests.swift in Sources */ = {isa = PBXBuildFile; fileRef = 6301963920D3BFAE003EE15C /* ProductTests.swift */; };
		6301963D20D3C042003EE15C /* Product.swift in Sources */ = {isa = PBXBuildFile; fileRef = 6301963C20D3C042003EE15C /* Product.swift */; };
/* End PBXBuildFile section */

/* Begin PBXContainerItemProxy section */
		6301961D20D3BB85003EE15C /* PBXContainerItemProxy */ = {
			isa = PBXContainerItemProxy;
			containerPortal = 6301960020D3BB85003EE15C /* Project object */;
			proxyType = 1;
			remoteGlobalIDString = 6301960720D3BB85003EE15C;
			remoteInfo = JLDishwashers;
		};
		6301962820D3BB85003EE15C /* PBXContainerItemProxy */ = {
			isa = PBXContainerItemProxy;
			containerPortal = 6301960020D3BB85003EE15C /* Project object */;
			proxyType = 1;
			remoteGlobalIDString = 6301960720D3BB85003EE15C;
			remoteInfo = JLDishwashers;
		};
/* End PBXContainerItemProxy section */

/* Begin PBXFileReference section */
		6301960820D3BB85003EE15C /* JLDishwashers.app */ = {isa = PBXFileReference; explicitFileType = wrapper.application; includeInIndex = 0; path = JLDishwashers.app; sourceTree = BUILT_PRODUCTS_DIR; };
		6301960B20D3BB85003EE15C /* AppDelegate.swift */ = {isa = PBXFileReference; lastKnownFileType = sourcecode.swift; path = AppDelegate.swift; sourceTree = "<group>"; };
		6301960D20D3BB85003EE15C /* ViewController.swift */ = {isa = PBXFileReference; lastKnownFileType = sourcecode.swift; path = ViewController.swift; sourceTree = "<group>"; };
		6301961020D3BB85003EE15C /* Base */ = {isa = PBXFileReference; lastKnownFileType = file.storyboard; name = Base; path = Base.lproj/Main.storyboard; sourceTree = "<group>"; };
		6301961220D3BB85003EE15C /* Assets.xcassets */ = {isa = PBXFileReference; lastKnownFileType = folder.assetcatalog; path = Assets.xcassets; sourceTree = "<group>"; };
		6301961520D3BB85003EE15C /* Base */ = {isa = PBXFileReference; lastKnownFileType = file.storyboard; name = Base; path = Base.lproj/LaunchScreen.storyboard; sourceTree = "<group>"; };
		6301961720D3BB85003EE15C /* Info.plist */ = {isa = PBXFileReference; lastKnownFileType = text.plist.xml; path = Info.plist; sourceTree = "<group>"; };
		6301961C20D3BB85003EE15C /* JLDishwashersTests.xctest */ = {isa = PBXFileReference; explicitFileType = wrapper.cfbundle; includeInIndex = 0; path = JLDishwashersTests.xctest; sourceTree = BUILT_PRODUCTS_DIR; };
		6301962220D3BB85003EE15C /* Info.plist */ = {isa = PBXFileReference; lastKnownFileType = text.plist.xml; path = Info.plist; sourceTree = "<group>"; };
		6301962720D3BB85003EE15C /* JLDishwashersUITests.xctest */ = {isa = PBXFileReference; explicitFileType = wrapper.cfbundle; includeInIndex = 0; path = JLDishwashersUITests.xctest; sourceTree = BUILT_PRODUCTS_DIR; };
		6301962B20D3BB85003EE15C /* JLDishwashersUITests.swift */ = {isa = PBXFileReference; lastKnownFileType = sourcecode.swift; path = JLDishwashersUITests.swift; sourceTree = "<group>"; };
		6301962D20D3BB85003EE15C /* Info.plist */ = {isa = PBXFileReference; lastKnownFileType = text.plist.xml; path = Info.plist; sourceTree = "<group>"; };
		6301963920D3BFAE003EE15C /* ProductTests.swift */ = {isa = PBXFileReference; lastKnownFileType = sourcecode.swift; path = ProductTests.swift; sourceTree = "<group>"; };
		6301963C20D3C042003EE15C /* Product.swift */ = {isa = PBXFileReference; lastKnownFileType = sourcecode.swift; path = Product.swift; sourceTree = "<group>"; };
/* End PBXFileReference section */

/* Begin PBXFrameworksBuildPhase section */
		6301960520D3BB85003EE15C /* Frameworks */ = {
			isa = PBXFrameworksBuildPhase;
			buildActionMask = 2147483647;
			files = (
			);
			runOnlyForDeploymentPostprocessing = 0;
		};
		6301961920D3BB85003EE15C /* Frameworks */ = {
			isa = PBXFrameworksBuildPhase;
			buildActionMask = 2147483647;
			files = (
			);
			runOnlyForDeploymentPostprocessing = 0;
		};
		6301962420D3BB85003EE15C /* Frameworks */ = {
			isa = PBXFrameworksBuildPhase;
			buildActionMask = 2147483647;
			files = (
			);
			runOnlyForDeploymentPostprocessing = 0;
		};
/* End PBXFrameworksBuildPhase section */

/* Begin PBXGroup section */
		630195FF20D3BB85003EE15C = {
			isa = PBXGroup;
			children = (
				6301960A20D3BB85003EE15C /* JLDishwashers */,
				6301961F20D3BB85003EE15C /* JLDishwashersTests */,
				6301962A20D3BB85003EE15C /* JLDishwashersUITests */,
				6301960920D3BB85003EE15C /* Products */,
			);
			sourceTree = "<group>";
		};
		6301960920D3BB85003EE15C /* Products */ = {
			isa = PBXGroup;
			children = (
				6301960820D3BB85003EE15C /* JLDishwashers.app */,
				6301961C20D3BB85003EE15C /* JLDishwashersTests.xctest */,
				6301962720D3BB85003EE15C /* JLDishwashersUITests.xctest */,
			);
			name = Products;
			sourceTree = "<group>";
		};
		6301960A20D3BB85003EE15C /* JLDishwashers */ = {
			isa = PBXGroup;
			children = (
				6301963B20D3C032003EE15C /* Model */,
				6301960B20D3BB85003EE15C /* AppDelegate.swift */,
				6301960D20D3BB85003EE15C /* ViewController.swift */,
				6301960F20D3BB85003EE15C /* Main.storyboard */,
				6301961220D3BB85003EE15C /* Assets.xcassets */,
				6301961420D3BB85003EE15C /* LaunchScreen.storyboard */,
				6301961720D3BB85003EE15C /* Info.plist */,
			);
			path = JLDishwashers;
			sourceTree = "<group>";
		};
		6301961F20D3BB85003EE15C /* JLDishwashersTests */ = {
			isa = PBXGroup;
			children = (
				6301962220D3BB85003EE15C /* Info.plist */,
				6301963920D3BFAE003EE15C /* ProductTests.swift */,
			);
			path = JLDishwashersTests;
			sourceTree = "<group>";
		};
		6301962A20D3BB85003EE15C /* JLDishwashersUITests */ = {
			isa = PBXGroup;
			children = (
				6301962B20D3BB85003EE15C /* JLDishwashersUITests.swift */,
				6301962D20D3BB85003EE15C /* Info.plist */,
			);
			path = JLDishwashersUITests;
			sourceTree = "<group>";
		};
		6301963B20D3C032003EE15C /* Model */ = {
			isa = PBXGroup;
			children = (
				6301963C20D3C042003EE15C /* Product.swift */,
			);
			path = Model;
			sourceTree = "<group>";
		};
/* End PBXGroup section */

/* Begin PBXNativeTarget section */
		6301960720D3BB85003EE15C /* JLDishwashers */ = {
			isa = PBXNativeTarget;
			buildConfigurationList = 6301963020D3BB85003EE15C /* Build configuration list for PBXNativeTarget "JLDishwashers" */;
			buildPhases = (
				6301960420D3BB85003EE15C /* Sources */,
				6301960520D3BB85003EE15C /* Frameworks */,
				6301960620D3BB85003EE15C /* Resources */,
			);
			buildRules = (
			);
			dependencies = (
			);
			name = JLDishwashers;
			productName = JLDishwashers;
			productReference = 6301960820D3BB85003EE15C /* JLDishwashers.app */;
			productType = "com.apple.product-type.application";
		};
		6301961B20D3BB85003EE15C /* JLDishwashersTests */ = {
			isa = PBXNativeTarget;
			buildConfigurationList = 6301963320D3BB85003EE15C /* Build configuration list for PBXNativeTarget "JLDishwashersTests" */;
			buildPhases = (
				6301961820D3BB85003EE15C /* Sources */,
				6301961920D3BB85003EE15C /* Frameworks */,
				6301961A20D3BB85003EE15C /* Resources */,
			);
			buildRules = (
			);
			dependencies = (
				6301961E20D3BB85003EE15C /* PBXTargetDependency */,
			);
			name = JLDishwashersTests;
			productName = JLDishwashersTests;
			productReference = 6301961C20D3BB85003EE15C /* JLDishwashersTests.xctest */;
			productType = "com.apple.product-type.bundle.unit-test";
		};
		6301962620D3BB85003EE15C /* JLDishwashersUITests */ = {
			isa = PBXNativeTarget;
			buildConfigurationList = 6301963620D3BB85003EE15C /* Build configuration list for PBXNativeTarget "JLDishwashersUITests" */;
			buildPhases = (
				6301962320D3BB85003EE15C /* Sources */,
				6301962420D3BB85003EE15C /* Frameworks */,
				6301962520D3BB85003EE15C /* Resources */,
			);
			buildRules = (
			);
			dependencies = (
				6301962920D3BB85003EE15C /* PBXTargetDependency */,
			);
			name = JLDishwashersUITests;
			productName = JLDishwashersUITests;
			productReference = 6301962720D3BB85003EE15C /* JLDishwashersUITests.xctest */;
			productType = "com.apple.product-type.bundle.ui-testing";
		};
/* End PBXNativeTarget section */

/* Begin PBXProject section */
		6301960020D3BB85003EE15C /* Project object */ = {
			isa = PBXProject;
			attributes = {
				LastSwiftUpdateCheck = 0920;
				LastUpgradeCheck = 0920;
				ORGANIZATIONNAME = "Tarum Nadus";
				TargetAttributes = {
					6301960720D3BB85003EE15C = {
						CreatedOnToolsVersion = 9.2;
						ProvisioningStyle = Automatic;
					};
					6301961B20D3BB85003EE15C = {
						CreatedOnToolsVersion = 9.2;
						LastSwiftMigration = 0920;
						ProvisioningStyle = Automatic;
						TestTargetID = 6301960720D3BB85003EE15C;
					};
					6301962620D3BB85003EE15C = {
						CreatedOnToolsVersion = 9.2;
						ProvisioningStyle = Automatic;
						TestTargetID = 6301960720D3BB85003EE15C;
					};
				};
			};
			buildConfigurationList = 6301960320D3BB85003EE15C /* Build configuration list for PBXProject "JLDishwashers" */;
			compatibilityVersion = "Xcode 8.0";
			developmentRegion = en;
			hasScannedForEncodings = 0;
			knownRegions = (
				en,
				Base,
			);
			mainGroup = 630195FF20D3BB85003EE15C;
			productRefGroup = 6301960920D3BB85003EE15C /* Products */;
			projectDirPath = "";
			projectRoot = "";
			targets = (
				6301960720D3BB85003EE15C /* JLDishwashers */,
				6301961B20D3BB85003EE15C /* JLDishwashersTests */,
				6301962620D3BB85003EE15C /* JLDishwashersUITests */,
			);
		};
/* End PBXProject section */

/* Begin PBXResourcesBuildPhase section */
		6301960620D3BB85003EE15C /* Resources */ = {
			isa = PBXResourcesBuildPhase;
			buildActionMask = 2147483647;
			files = (
				6301961620D3BB85003EE15C /* LaunchScreen.storyboard in Resources */,
				6301961320D3BB85003EE15C /* Assets.xcassets in Resources */,
				6301961120D3BB85003EE15C /* Main.storyboard in Resources */,
			);
			runOnlyForDeploymentPostprocessing = 0;
		};
		6301961A20D3BB85003EE15C /* Resources */ = {
			isa = PBXResourcesBuildPhase;
			buildActionMask = 2147483647;
			files = (
			);
			runOnlyForDeploymentPostprocessing = 0;
		};
		6301962520D3BB85003EE15C /* Resources */ = {
			isa = PBXResourcesBuildPhase;
			buildActionMask = 2147483647;
			files = (
			);
			runOnlyForDeploymentPostprocessing = 0;
		};
/* End PBXResourcesBuildPhase section */

/* Begin PBXSourcesBuildPhase section */
		6301960420D3BB85003EE15C /* Sources */ = {
			isa = PBXSourcesBuildPhase;
			buildActionMask = 2147483647;
			files = (
				6301960E20D3BB85003EE15C /* ViewController.swift in Sources */,
				6301960C20D3BB85003EE15C /* AppDelegate.swift in Sources */,
				6301963D20D3C042003EE15C /* Product.swift in Sources */,
			);
			runOnlyForDeploymentPostprocessing = 0;
		};
		6301961820D3BB85003EE15C /* Sources */ = {
			isa = PBXSourcesBuildPhase;
			buildActionMask = 2147483647;
			files = (
				6301963A20D3BFAE003EE15C /* ProductTests.swift in Sources */,
			);
			runOnlyForDeploymentPostprocessing = 0;
		};
		6301962320D3BB85003EE15C /* Sources */ = {
			isa = PBXSourcesBuildPhase;
			buildActionMask = 2147483647;
			files = (
				6301962C20D3BB85003EE15C /* JLDishwashersUITests.swift in Sources */,
			);
			runOnlyForDeploymentPostprocessing = 0;
		};
/* End PBXSourcesBuildPhase section */

/* Begin PBXTargetDependency section */
		6301961E20D3BB85003EE15C /* PBXTargetDependency */ = {
			isa = PBXTargetDependency;
			target = 6301960720D3BB85003EE15C /* JLDishwashers */;
			targetProxy = 6301961D20D3BB85003EE15C /* PBXContainerItemProxy */;
		};
		6301962920D3BB85003EE15C /* PBXTargetDependency */ = {
			isa = PBXTargetDependency;
			target = 6301960720D3BB85003EE15C /* JLDishwashers */;
			targetProxy = 6301962820D3BB85003EE15C /* PBXContainerItemProxy */;
		};
/* End PBXTargetDependency section */

/* Begin PBXVariantGroup section */
		6301960F20D3BB85003EE15C /* Main.storyboard */ = {
			isa = PBXVariantGroup;
			children = (
				6301961020D3BB85003EE15C /* Base */,
			);
			name = Main.storyboard;
			sourceTree = "<group>";
		};
		6301961420D3BB85003EE15C /* LaunchScreen.storyboard */ = {
			isa = PBXVariantGroup;
			children = (
				6301961520D3BB85003EE15C /* Base */,
			);
			name = LaunchScreen.storyboard;
			sourceTree = "<group>";
		};
/* End PBXVariantGroup section */

/* Begin XCBuildConfiguration section */
		6301962E20D3BB85003EE15C /* Debug */ = {
			isa = XCBuildConfiguration;
			buildSettings = {
				ALWAYS_SEARCH_USER_PATHS = NO;
				CLANG_ANALYZER_NONNULL = YES;
				CLANG_ANALYZER_NUMBER_OBJECT_CONVERSION = YES_AGGRESSIVE;
				CLANG_CXX_LANGUAGE_STANDARD = "gnu++14";
				CLANG_CXX_LIBRARY = "libc++";
				CLANG_ENABLE_MODULES = YES;
				CLANG_ENABLE_OBJC_ARC = YES;
				CLANG_WARN_BLOCK_CAPTURE_AUTORELEASING = YES;
				CLANG_WARN_BOOL_CONVERSION = YES;
				CLANG_WARN_COMMA = YES;
				CLANG_WARN_CONSTANT_CONVERSION = YES;
				CLANG_WARN_DIRECT_OBJC_ISA_USAGE = YES_ERROR;
				CLANG_WARN_DOCUMENTATION_COMMENTS = YES;
				CLANG_WARN_EMPTY_BODY = YES;
				CLANG_WARN_ENUM_CONVERSION = YES;
				CLANG_WARN_INFINITE_RECURSION = YES;
				CLANG_WARN_INT_CONVERSION = YES;
				CLANG_WARN_NON_LITERAL_NULL_CONVERSION = YES;
				CLANG_WARN_OBJC_LITERAL_CONVERSION = YES;
				CLANG_WARN_OBJC_ROOT_CLASS = YES_ERROR;
				CLANG_WARN_RANGE_LOOP_ANALYSIS = YES;
				CLANG_WARN_STRICT_PROTOTYPES = YES;
				CLANG_WARN_SUSPICIOUS_MOVE = YES;
				CLANG_WARN_UNGUARDED_AVAILABILITY = YES_AGGRESSIVE;
				CLANG_WARN_UNREACHABLE_CODE = YES;
				CLANG_WARN__DUPLICATE_METHOD_MATCH = YES;
				CODE_SIGN_IDENTITY = "iPhone Developer";
				COPY_PHASE_STRIP = NO;
				DEBUG_INFORMATION_FORMAT = dwarf;
				ENABLE_STRICT_OBJC_MSGSEND = YES;
				ENABLE_TESTABILITY = YES;
				GCC_C_LANGUAGE_STANDARD = gnu11;
				GCC_DYNAMIC_NO_PIC = NO;
				GCC_NO_COMMON_BLOCKS = YES;
				GCC_OPTIMIZATION_LEVEL = 0;
				GCC_PREPROCESSOR_DEFINITIONS = (
					"DEBUG=1",
					"$(inherited)",
				);
				GCC_WARN_64_TO_32_BIT_CONVERSION = YES;
				GCC_WARN_ABOUT_RETURN_TYPE = YES_ERROR;
				GCC_WARN_UNDECLARED_SELECTOR = YES;
				GCC_WARN_UNINITIALIZED_AUTOS = YES_AGGRESSIVE;
				GCC_WARN_UNUSED_FUNCTION = YES;
				GCC_WARN_UNUSED_VARIABLE = YES;
				IPHONEOS_DEPLOYMENT_TARGET = 11.2;
				MTL_ENABLE_DEBUG_INFO = YES;
				ONLY_ACTIVE_ARCH = YES;
				SDKROOT = iphoneos;
				SWIFT_ACTIVE_COMPILATION_CONDITIONS = DEBUG;
				SWIFT_OPTIMIZATION_LEVEL = "-Onone";
			};
			name = Debug;
		};
		6301962F20D3BB85003EE15C /* Release */ = {
			isa = XCBuildConfiguration;
			buildSettings = {
				ALWAYS_SEARCH_USER_PATHS = NO;
				CLANG_ANALYZER_NONNULL = YES;
				CLANG_ANALYZER_NUMBER_OBJECT_CONVERSION = YES_AGGRESSIVE;
				CLANG_CXX_LANGUAGE_STANDARD = "gnu++14";
				CLANG_CXX_LIBRARY = "libc++";
				CLANG_ENABLE_MODULES = YES;
				CLANG_ENABLE_OBJC_ARC = YES;
				CLANG_WARN_BLOCK_CAPTURE_AUTORELEASING = YES;
				CLANG_WARN_BOOL_CONVERSION = YES;
				CLANG_WARN_COMMA = YES;
				CLANG_WARN_CONSTANT_CONVERSION = YES;
				CLANG_WARN_DIRECT_OBJC_ISA_USAGE = YES_ERROR;
				CLANG_WARN_DOCUMENTATION_COMMENTS = YES;
				CLANG_WARN_EMPTY_BODY = YES;
				CLANG_WARN_ENUM_CONVERSION = YES;
				CLANG_WARN_INFINITE_RECURSION = YES;
				CLANG_WARN_INT_CONVERSION = YES;
				CLANG_WARN_NON_LITERAL_NULL_CONVERSION = YES;
				CLANG_WARN_OBJC_LITERAL_CONVERSION = YES;
				CLANG_WARN_OBJC_ROOT_CLASS = YES_ERROR;
				CLANG_WARN_RANGE_LOOP_ANALYSIS = YES;
				CLANG_WARN_STRICT_PROTOTYPES = YES;
				CLANG_WARN_SUSPICIOUS_MOVE = YES;
				CLANG_WARN_UNGUARDED_AVAILABILITY = YES_AGGRESSIVE;
				CLANG_WARN_UNREACHABLE_CODE = YES;
				CLANG_WARN__DUPLICATE_METHOD_MATCH = YES;
				CODE_SIGN_IDENTITY = "iPhone Developer";
				COPY_PHASE_STRIP = NO;
				DEBUG_INFORMATION_FORMAT = "dwarf-with-dsym";
				ENABLE_NS_ASSERTIONS = NO;
				ENABLE_STRICT_OBJC_MSGSEND = YES;
				GCC_C_LANGUAGE_STANDARD = gnu11;
				GCC_NO_COMMON_BLOCKS = YES;
				GCC_WARN_64_TO_32_BIT_CONVERSION = YES;
				GCC_WARN_ABOUT_RETURN_TYPE = YES_ERROR;
				GCC_WARN_UNDECLARED_SELECTOR = YES;
				GCC_WARN_UNINITIALIZED_AUTOS = YES_AGGRESSIVE;
				GCC_WARN_UNUSED_FUNCTION = YES;
				GCC_WARN_UNUSED_VARIABLE = YES;
				IPHONEOS_DEPLOYMENT_TARGET = 11.2;
				MTL_ENABLE_DEBUG_INFO = NO;
				SDKROOT = iphoneos;
				SWIFT_OPTIMIZATION_LEVEL = "-Owholemodule";
				VALIDATE_PRODUCT = YES;
			};
			name = Release;
		};
		6301963120D3BB85003EE15C /* Debug */ = {
			isa = XCBuildConfiguration;
			buildSettings = {
				ASSETCATALOG_COMPILER_APPICON_NAME = AppIcon;
				CODE_SIGN_STYLE = Automatic;
				DEVELOPMENT_TEAM = 2G876RW9RP;
				INFOPLIST_FILE = JLDishwashers/Info.plist;
				LD_RUNPATH_SEARCH_PATHS = "$(inherited) @executable_path/Frameworks";
				PRODUCT_BUNDLE_IDENTIFIER = com.elmadigital.JLDishwashers;
				PRODUCT_NAME = "$(TARGET_NAME)";
				SWIFT_VERSION = 4.0;
				TARGETED_DEVICE_FAMILY = "1,2";
			};
			name = Debug;
		};
		6301963220D3BB85003EE15C /* Release */ = {
			isa = XCBuildConfiguration;
			buildSettings = {
				ASSETCATALOG_COMPILER_APPICON_NAME = AppIcon;
				CODE_SIGN_STYLE = Automatic;
				DEVELOPMENT_TEAM = 2G876RW9RP;
				INFOPLIST_FILE = JLDishwashers/Info.plist;
				LD_RUNPATH_SEARCH_PATHS = "$(inherited) @executable_path/Frameworks";
				PRODUCT_BUNDLE_IDENTIFIER = com.elmadigital.JLDishwashers;
				PRODUCT_NAME = "$(TARGET_NAME)";
				SWIFT_VERSION = 4.0;
				TARGETED_DEVICE_FAMILY = "1,2";
			};
			name = Release;
		};
		6301963420D3BB85003EE15C /* Debug */ = {
			isa = XCBuildConfiguration;
			buildSettings = {
				ALWAYS_EMBED_SWIFT_STANDARD_LIBRARIES = YES;
				BUNDLE_LOADER = "$(TEST_HOST)";
				CLANG_ENABLE_MODULES = YES;
				CODE_SIGN_STYLE = Automatic;
				DEVELOPMENT_TEAM = 2G876RW9RP;
				INFOPLIST_FILE = JLDishwashersTests/Info.plist;
				LD_RUNPATH_SEARCH_PATHS = "$(inherited) @executable_path/Frameworks @loader_path/Frameworks";
				PRODUCT_BUNDLE_IDENTIFIER = com.elmadigital.JLDishwashersTests;
				PRODUCT_NAME = "$(TARGET_NAME)";
				SWIFT_OPTIMIZATION_LEVEL = "-Onone";
				SWIFT_VERSION = 4.0;
				TARGETED_DEVICE_FAMILY = "1,2";
				TEST_HOST = "$(BUILT_PRODUCTS_DIR)/JLDishwashers.app/JLDishwashers";
			};
			name = Debug;
		};
		6301963520D3BB85003EE15C /* Release */ = {
			isa = XCBuildConfiguration;
			buildSettings = {
				ALWAYS_EMBED_SWIFT_STANDARD_LIBRARIES = YES;
				BUNDLE_LOADER = "$(TEST_HOST)";
				CLANG_ENABLE_MODULES = YES;
				CODE_SIGN_STYLE = Automatic;
				DEVELOPMENT_TEAM = 2G876RW9RP;
				INFOPLIST_FILE = JLDishwashersTests/Info.plist;
				LD_RUNPATH_SEARCH_PATHS = "$(inherited) @executable_path/Frameworks @loader_path/Frameworks";
				PRODUCT_BUNDLE_IDENTIFIER = com.elmadigital.JLDishwashersTests;
				PRODUCT_NAME = "$(TARGET_NAME)";
				SWIFT_VERSION = 4.0;
				TARGETED_DEVICE_FAMILY = "1,2";
				TEST_HOST = "$(BUILT_PRODUCTS_DIR)/JLDishwashers.app/JLDishwashers";
			};
			name = Release;
		};
		6301963720D3BB85003EE15C /* Debug */ = {
			isa = XCBuildConfiguration;
			buildSettings = {
				ALWAYS_EMBED_SWIFT_STANDARD_LIBRARIES = YES;
				CODE_SIGN_STYLE = Automatic;
				DEVELOPMENT_TEAM = 2G876RW9RP;
				INFOPLIST_FILE = JLDishwashersUITests/Info.plist;
				LD_RUNPATH_SEARCH_PATHS = "$(inherited) @executable_path/Frameworks @loader_path/Frameworks";
				PRODUCT_BUNDLE_IDENTIFIER = com.elmadigital.JLDishwashersUITests;
				PRODUCT_NAME = "$(TARGET_NAME)";
				SWIFT_VERSION = 4.0;
				TARGETED_DEVICE_FAMILY = "1,2";
				TEST_TARGET_NAME = JLDishwashers;
			};
			name = Debug;
		};
		6301963820D3BB85003EE15C /* Release */ = {
			isa = XCBuildConfiguration;
			buildSettings = {
				ALWAYS_EMBED_SWIFT_STANDARD_LIBRARIES = YES;
				CODE_SIGN_STYLE = Automatic;
				DEVELOPMENT_TEAM = 2G876RW9RP;
				INFOPLIST_FILE = JLDishwashersUITests/Info.plist;
				LD_RUNPATH_SEARCH_PATHS = "$(inherited) @executable_path/Frameworks @loader_path/Frameworks";
				PRODUCT_BUNDLE_IDENTIFIER = com.elmadigital.JLDishwashersUITests;
				PRODUCT_NAME = "$(TARGET_NAME)";
				SWIFT_VERSION = 4.0;
				TARGETED_DEVICE_FAMILY = "1,2";
				TEST_TARGET_NAME = JLDishwashers;
			};
			name = Release;
		};
/* End XCBuildConfiguration section */

/* Begin XCConfigurationList section */
		6301960320D3BB85003EE15C /* Build configuration list for PBXProject "JLDishwashers" */ = {
			isa = XCConfigurationList;
			buildConfigurations = (
				6301962E20D3BB85003EE15C /* Debug */,
				6301962F20D3BB85003EE15C /* Release */,
			);
			defaultConfigurationIsVisible = 0;
			defaultConfigurationName = Release;
		};
		6301963020D3BB85003EE15C /* Build configuration list for PBXNativeTarget "JLDishwashers" */ = {
			isa = XCConfigurationList;
			buildConfigurations = (
				6301963120D3BB85003EE15C /* Debug */,
				6301963220D3BB85003EE15C /* Release */,
			);
			defaultConfigurationIsVisible = 0;
			defaultConfigurationName = Release;
		};
		6301963320D3BB85003EE15C /* Build configuration list for PBXNativeTarget "JLDishwashersTests" */ = {
			isa = XCConfigurationList;
			buildConfigurations = (
				6301963420D3BB85003EE15C /* Debug */,
				6301963520D3BB85003EE15C /* Release */,
			);
			defaultConfigurationIsVisible = 0;
			defaultConfigurationName = Release;
		};
		6301963620D3BB85003EE15C /* Build configuration list for PBXNativeTarget "JLDishwashersUITests" */ = {
			isa = XCConfigurationList;
			buildConfigurations = (
				6301963720D3BB85003EE15C /* Debug */,
				6301963820D3BB85003EE15C /* Release */,
			);
			defaultConfigurationIsVisible = 0;
			defaultConfigurationName = Release;
		};
/* End XCConfigurationList section */
	};
	rootObject = 6301960020D3BB85003EE15C /* Project object */;
}
